
Microsoft Visual Studio Solution File, Format Version 12.00
# Visual Studio Version 16
VisualStudioVersion = 16.0.30114.105
MinimumVisualStudioVersion = 10.0.40219.1
Project("{FAE04EC0-301F-11D3-BF4B-00C04F79EFBC}") = "Send Email with attached CSV", "Send Email with attached CSV\Send Email with attached CSV.csproj", "{61225046-5FF3-4EA4-8445-D8FA41C5F4F5}"
EndProject
Global
	GlobalSection(SolutionConfigurationPlatforms) = preSolution
		Debug|Any CPU = Debug|Any CPU
		Release|Any CPU = Release|Any CPU
	EndGlobalSection
	GlobalSection(ProjectConfigurationPlatforms) = postSolution
		{61225046-5FF3-4EA4-8445-D8FA41C5F4F5}.Debug|Any CPU.ActiveCfg = Debug|Any CPU
		{61225046-5FF3-4EA4-8445-D8FA41C5F4F5}.Debug|Any CPU.Build.0 = Debug|Any CPU
		{61225046-5FF3-4EA4-8445-D8FA41C5F4F5}.Release|Any CPU.ActiveCfg = Release|Any CPU
		{61225046-5FF3-4EA4-8445-D8FA41C5F4F5}.Release|Any CPU.Build.0 = Release|Any CPU
	EndGlobalSection
	GlobalSection(SolutionProperties) = preSolution
		HideSolutionNode = FALSE
	EndGlobalSection
	GlobalSection(ExtensibilityGlobals) = postSolution
		SolutionGuid = {0C124314-C746-4BEF-A5AF-87CA5F0DFEF1}
	EndGlobalSection
EndGlobal
